// !$*UTF8*$!
{
	archiveVersion = 1;
	classes = {
	};
	objectVersion = 55;
	objects = {

/* Begin PBXBuildFile section */
		6C833FC827DB3B780057A2E3 /* FriendFaceApp.swift in Sources */ = {isa = PBXBuildFile; fileRef = 6C833FC727DB3B780057A2E3 /* FriendFaceApp.swift */; };
		6C833FCA27DB3B780057A2E3 /* ContentView.swift in Sources */ = {isa = PBXBuildFile; fileRef = 6C833FC927DB3B780057A2E3 /* ContentView.swift */; };
		6C833FCC27DB3B790057A2E3 /* Assets.xcassets in Resources */ = {isa = PBXBuildFile; fileRef = 6C833FCB27DB3B790057A2E3 /* Assets.xcassets */; };
		6C833FCF27DB3B790057A2E3 /* Preview Assets.xcassets in Resources */ = {isa = PBXBuildFile; fileRef = 6C833FCE27DB3B790057A2E3 /* Preview Assets.xcassets */; };
		6C833FD627DB3CAD0057A2E3 /* User.swift in Sources */ = {isa = PBXBuildFile; fileRef = 6C833FD527DB3CAD0057A2E3 /* User.swift */; };
		6C833FDC27DB78150057A2E3 /* UserRow.swift in Sources */ = {isa = PBXBuildFile; fileRef = 6C833FDB27DB78150057A2E3 /* UserRow.swift */; };
		6C833FDE27DB7B400057A2E3 /* UserDetailView.swift in Sources */ = {isa = PBXBuildFile; fileRef = 6C833FDD27DB7B400057A2E3 /* UserDetailView.swift */; };
		6C8425AE27DBADC2001A4940 /* UserDetailQuickView.swift in Sources */ = {isa = PBXBuildFile; fileRef = 6C8425AD27DBADC2001A4940 /* UserDetailQuickView.swift */; };
		6CD467DD27DF789200B6B90D /* FriendGridView.swift in Sources */ = {isa = PBXBuildFile; fileRef = 6CD467DC27DF789200B6B90D /* FriendGridView.swift */; };
		6CD467DF27DF983400B6B90D /* TagDetailsView.swift in Sources */ = {isa = PBXBuildFile; fileRef = 6CD467DE27DF983400B6B90D /* TagDetailsView.swift */; };
		6CE2D2AF27DFD0750068B4CF /* friendface.json in Resources */ = {isa = PBXBuildFile; fileRef = 6CE2D2AE27DFD0750068B4CF /* friendface.json */; };
/* End PBXBuildFile section */

/* Begin PBXFileReference section */
		6C833FC427DB3B780057A2E3 /* FriendFace.app */ = {isa = PBXFileReference; explicitFileType = wrapper.application; includeInIndex = 0; path = FriendFace.app; sourceTree = BUILT_PRODUCTS_DIR; };
		6C833FC727DB3B780057A2E3 /* FriendFaceApp.swift */ = {isa = PBXFileReference; lastKnownFileType = sourcecode.swift; path = FriendFaceApp.swift; sourceTree = "<group>"; };
		6C833FC927DB3B780057A2E3 /* ContentView.swift */ = {isa = PBXFileReference; lastKnownFileType = sourcecode.swift; path = ContentView.swift; sourceTree = "<group>"; };
		6C833FCB27DB3B790057A2E3 /* Assets.xcassets */ = {isa = PBXFileReference; lastKnownFileType = folder.assetcatalog; path = Assets.xcassets; sourceTree = "<group>"; };
		6C833FCE27DB3B790057A2E3 /* Preview Assets.xcassets */ = {isa = PBXFileReference; lastKnownFileType = folder.assetcatalog; path = "Preview Assets.xcassets"; sourceTree = "<group>"; };
		6C833FD527DB3CAD0057A2E3 /* User.swift */ = {isa = PBXFileReference; lastKnownFileType = sourcecode.swift; path = User.swift; sourceTree = "<group>"; };
		6C833FDB27DB78150057A2E3 /* UserRow.swift */ = {isa = PBXFileReference; lastKnownFileType = sourcecode.swift; path = UserRow.swift; sourceTree = "<group>"; };
		6C833FDD27DB7B400057A2E3 /* UserDetailView.swift */ = {isa = PBXFileReference; lastKnownFileType = sourcecode.swift; path = UserDetailView.swift; sourceTree = "<group>"; };
		6C8425AD27DBADC2001A4940 /* UserDetailQuickView.swift */ = {isa = PBXFileReference; lastKnownFileType = sourcecode.swift; path = UserDetailQuickView.swift; sourceTree = "<group>"; };
		6CD467DC27DF789200B6B90D /* FriendGridView.swift */ = {isa = PBXFileReference; lastKnownFileType = sourcecode.swift; path = FriendGridView.swift; sourceTree = "<group>"; };
		6CD467DE27DF983400B6B90D /* TagDetailsView.swift */ = {isa = PBXFileReference; lastKnownFileType = sourcecode.swift; path = TagDetailsView.swift; sourceTree = "<group>"; };
		6CE2D2AE27DFD0750068B4CF /* friendface.json */ = {isa = PBXFileReference; fileEncoding = 4; lastKnownFileType = text.json; path = friendface.json; sourceTree = "<group>"; };
/* End PBXFileReference section */

/* Begin PBXFrameworksBuildPhase section */
		6C833FC127DB3B780057A2E3 /* Frameworks */ = {
			isa = PBXFrameworksBuildPhase;
			buildActionMask = 2147483647;
			files = (
			);
			runOnlyForDeploymentPostprocessing = 0;
		};
/* End PBXFrameworksBuildPhase section */

/* Begin PBXGroup section */
		6C833FBB27DB3B780057A2E3 = {
			isa = PBXGroup;
			children = (
				6C833FC627DB3B780057A2E3 /* FriendFace */,
				6C833FC527DB3B780057A2E3 /* Products */,
			);
			sourceTree = "<group>";
		};
		6C833FC527DB3B780057A2E3 /* Products */ = {
			isa = PBXGroup;
			children = (
				6C833FC427DB3B780057A2E3 /* FriendFace.app */,
			);
			name = Products;
			sourceTree = "<group>";
		};
		6C833FC627DB3B780057A2E3 /* FriendFace */ = {
			isa = PBXGroup;
			children = (
				6C833FC727DB3B780057A2E3 /* FriendFaceApp.swift */,
				6C833FC927DB3B780057A2E3 /* ContentView.swift */,
				6C833FDB27DB78150057A2E3 /* UserRow.swift */,
				6C833FDD27DB7B400057A2E3 /* UserDetailView.swift */,
				6CD467DE27DF983400B6B90D /* TagDetailsView.swift */,
				6CD467DC27DF789200B6B90D /* FriendGridView.swift */,
				6C8425AD27DBADC2001A4940 /* UserDetailQuickView.swift */,
				6C833FD527DB3CAD0057A2E3 /* User.swift */,
				6C833FCB27DB3B790057A2E3 /* Assets.xcassets */,
				6C833FCD27DB3B790057A2E3 /* Preview Content */,
			);
			path = FriendFace;
			sourceTree = "<group>";
		};
		6C833FCD27DB3B790057A2E3 /* Preview Content */ = {
			isa = PBXGroup;
			children = (
				6C833FCE27DB3B790057A2E3 /* Preview Assets.xcassets */,
				6CE2D2AE27DFD0750068B4CF /* friendface.json */,
			);
			path = "Preview Content";
			sourceTree = "<group>";
		};
/* End PBXGroup section */

/* Begin PBXNativeTarget section */
		6C833FC327DB3B780057A2E3 /* FriendFace */ = {
			isa = PBXNativeTarget;
			buildConfigurationList = 6C833FD227DB3B790057A2E3 /* Build configuration list for PBXNativeTarget "FriendFace" */;
			buildPhases = (
				6C833FC027DB3B780057A2E3 /* Sources */,
				6C833FC127DB3B780057A2E3 /* Frameworks */,
				6C833FC227DB3B780057A2E3 /* Resources */,
			);
			buildRules = (
			);
			dependencies = (
			);
			name = FriendFace;
			productName = FriendFace;
			productReference = 6C833FC427DB3B780057A2E3 /* FriendFace.app */;
			productType = "com.apple.product-type.application";
		};
/* End PBXNativeTarget section */

/* Begin PBXProject section */
		6C833FBC27DB3B780057A2E3 /* Project object */ = {
			isa = PBXProject;
			attributes = {
				BuildIndependentTargetsInParallel = 1;
				LastSwiftUpdateCheck = 1320;
				LastUpgradeCheck = 1320;
				TargetAttributes = {
					6C833FC327DB3B780057A2E3 = {
						CreatedOnToolsVersion = 13.2.1;
					};
				};
			};
			buildConfigurationList = 6C833FBF27DB3B780057A2E3 /* Build configuration list for PBXProject "FriendFace" */;
			compatibilityVersion = "Xcode 13.0";
			developmentRegion = en;
			hasScannedForEncodings = 0;
			knownRegions = (
				en,
				Base,
			);
			mainGroup = 6C833FBB27DB3B780057A2E3;
			productRefGroup = 6C833FC527DB3B780057A2E3 /* Products */;
			projectDirPath = "";
			projectRoot = "";
			targets = (
				6C833FC327DB3B780057A2E3 /* FriendFace */,
			);
		};
/* End PBXProject section */

/* Begin PBXResourcesBuildPhase section */
		6C833FC227DB3B780057A2E3 /* Resources */ = {
			isa = PBXResourcesBuildPhase;
			buildActionMask = 2147483647;
			files = (
				6C833FCF27DB3B790057A2E3 /* Preview Assets.xcassets in Resources */,
				6C833FCC27DB3B790057A2E3 /* Assets.xcassets in Resources */,
				6CE2D2AF27DFD0750068B4CF /* friendface.json in Resources */,
			);
			runOnlyForDeploymentPostprocessing = 0;
		};
/* End PBXResourcesBuildPhase section */

/* Begin PBXSourcesBuildPhase section */
		6C833FC027DB3B780057A2E3 /* Sources */ = {
			isa = PBXSourcesBuildPhase;
			buildActionMask = 2147483647;
			files = (
				6CD467DF27DF983400B6B90D /* TagDetailsView.swift in Sources */,
				6CD467DD27DF789200B6B90D /* FriendGridView.swift in Sources */,
				6C833FCA27DB3B780057A2E3 /* ContentView.swift in Sources */,
				6C833FC827DB3B780057A2E3 /* FriendFaceApp.swift in Sources */,
				6C833FDC27DB78150057A2E3 /* UserRow.swift in Sources */,
				6C8425AE27DBADC2001A4940 /* UserDetailQuickView.swift in Sources */,
				6C833FDE27DB7B400057A2E3 /* UserDetailView.swift in Sources */,
				6C833FD627DB3CAD0057A2E3 /* User.swift in Sources */,
			);
			runOnlyForDeploymentPostprocessing = 0;
		};
/* End PBXSourcesBuildPhase section */

/* Begin XCBuildConfiguration section */
		6C833FD027DB3B790057A2E3 /* Debug */ = {
			isa = XCBuildConfiguration;
			buildSettings = {
				ALWAYS_SEARCH_USER_PATHS = NO;
				CLANG_ANALYZER_NONNULL = YES;
				CLANG_ANALYZER_NUMBER_OBJECT_CONVERSION = YES_AGGRESSIVE;
				CLANG_CXX_LANGUAGE_STANDARD = "gnu++17";
				CLANG_CXX_LIBRARY = "libc++";
				CLANG_ENABLE_MODULES = YES;
				CLANG_ENABLE_OBJC_ARC = YES;
				CLANG_ENABLE_OBJC_WEAK = YES;
				CLANG_WARN_BLOCK_CAPTURE_AUTORELEASING = YES;
				CLANG_WARN_BOOL_CONVERSION = YES;
				CLANG_WARN_COMMA = YES;
				CLANG_WARN_CONSTANT_CONVERSION = YES;
				CLANG_WARN_DEPRECATED_OBJC_IMPLEMENTATIONS = YES;
				CLANG_WARN_DIRECT_OBJC_ISA_USAGE = YES_ERROR;
				CLANG_WARN_DOCUMENTATION_COMMENTS = YES;
				CLANG_WARN_EMPTY_BODY = YES;
				CLANG_WARN_ENUM_CONVERSION = YES;
				CLANG_WARN_INFINITE_RECURSION = YES;
				CLANG_WARN_INT_CONVERSION = YES;
				CLANG_WARN_NON_LITERAL_NULL_CONVERSION = YES;
				CLANG_WARN_OBJC_IMPLICIT_RETAIN_SELF = YES;
				CLANG_WARN_OBJC_LITERAL_CONVERSION = YES;
				CLANG_WARN_OBJC_ROOT_CLASS = YES_ERROR;
				CLANG_WARN_QUOTED_INCLUDE_IN_FRAMEWORK_HEADER = YES;
				CLANG_WARN_RANGE_LOOP_ANALYSIS = YES;
				CLANG_WARN_STRICT_PROTOTYPES = YES;
				CLANG_WARN_SUSPICIOUS_MOVE = YES;
				CLANG_WARN_UNGUARDED_AVAILABILITY = YES_AGGRESSIVE;
				CLANG_WARN_UNREACHABLE_CODE = YES;
				CLANG_WARN__DUPLICATE_METHOD_MATCH = YES;
				COPY_PHASE_STRIP = NO;
				DEBUG_INFORMATION_FORMAT = dwarf;
				ENABLE_STRICT_OBJC_MSGSEND = YES;
				ENABLE_TESTABILITY = YES;
				GCC_C_LANGUAGE_STANDARD = gnu11;
				GCC_DYNAMIC_NO_PIC = NO;
				GCC_NO_COMMON_BLOCKS = YES;
				GCC_OPTIMIZATION_LEVEL = 0;
				GCC_PREPROCESSOR_DEFINITIONS = (
					"DEBUG=1",
					"$(inherited)",
				);
				GCC_WARN_64_TO_32_BIT_CONVERSION = YES;
				GCC_WARN_ABOUT_RETURN_TYPE = YES_ERROR;
				GCC_WARN_UNDECLARED_SELECTOR = YES;
				GCC_WARN_UNINITIALIZED_AUTOS = YES_AGGRESSIVE;
				GCC_WARN_UNUSED_FUNCTION = YES;
				GCC_WARN_UNUSED_VARIABLE = YES;
				IPHONEOS_DEPLOYMENT_TARGET = 15.2;
				MTL_ENABLE_DEBUG_INFO = INCLUDE_SOURCE;
				MTL_FAST_MATH = YES;
				ONLY_ACTIVE_ARCH = YES;
				SDKROOT = iphoneos;
				SWIFT_ACTIVE_COMPILATION_CONDITIONS = DEBUG;
				SWIFT_OPTIMIZATION_LEVEL = "-Onone";
			};
			name = Debug;
		};
		6C833FD127DB3B790057A2E3 /* Release */ = {
			isa = XCBuildConfiguration;
			buildSettings = {
				ALWAYS_SEARCH_USER_PATHS = NO;
				CLANG_ANALYZER_NONNULL = YES;
				CLANG_ANALYZER_NUMBER_OBJECT_CONVERSION = YES_AGGRESSIVE;
				CLANG_CXX_LANGUAGE_STANDARD = "gnu++17";
				CLANG_CXX_LIBRARY = "libc++";
				CLANG_ENABLE_MODULES = YES;
				CLANG_ENABLE_OBJC_ARC = YES;
				CLANG_ENABLE_OBJC_WEAK = YES;
				CLANG_WARN_BLOCK_CAPTURE_AUTORELEASING = YES;
				CLANG_WARN_BOOL_CONVERSION = YES;
				CLANG_WARN_COMMA = YES;
				CLANG_WARN_CONSTANT_CONVERSION = YES;
				CLANG_WARN_DEPRECATED_OBJC_IMPLEMENTATIONS = YES;
				CLANG_WARN_DIRECT_OBJC_ISA_USAGE = YES_ERROR;
				CLANG_WARN_DOCUMENTATION_COMMENTS = YES;
				CLANG_WARN_EMPTY_BODY = YES;
				CLANG_WARN_ENUM_CONVERSION = YES;
				CLANG_WARN_INFINITE_RECURSION = YES;
				CLANG_WARN_INT_CONVERSION = YES;
				CLANG_WARN_NON_LITERAL_NULL_CONVERSION = YES;
				CLANG_WARN_OBJC_IMPLICIT_RETAIN_SELF = YES;
				CLANG_WARN_OBJC_LITERAL_CONVERSION = YES;
				CLANG_WARN_OBJC_ROOT_CLASS = YES_ERROR;
				CLANG_WARN_QUOTED_INCLUDE_IN_FRAMEWORK_HEADER = YES;
				CLANG_WARN_RANGE_LOOP_ANALYSIS = YES;
				CLANG_WARN_STRICT_PROTOTYPES = YES;
				CLANG_WARN_SUSPICIOUS_MOVE = YES;
				CLANG_WARN_UNGUARDED_AVAILABILITY = YES_AGGRESSIVE;
				CLANG_WARN_UNREACHABLE_CODE = YES;
				CLANG_WARN__DUPLICATE_METHOD_MATCH = YES;
				COPY_PHASE_STRIP = NO;
				DEBUG_INFORMATION_FORMAT = "dwarf-with-dsym";
				ENABLE_NS_ASSERTIONS = NO;
				ENABLE_STRICT_OBJC_MSGSEND = YES;
				GCC_C_LANGUAGE_STANDARD = gnu11;
				GCC_NO_COMMON_BLOCKS = YES;
				GCC_WARN_64_TO_32_BIT_CONVERSION = YES;
				GCC_WARN_ABOUT_RETURN_TYPE = YES_ERROR;
				GCC_WARN_UNDECLARED_SELECTOR = YES;
				GCC_WARN_UNINITIALIZED_AUTOS = YES_AGGRESSIVE;
				GCC_WARN_UNUSED_FUNCTION = YES;
				GCC_WARN_UNUSED_VARIABLE = YES;
				IPHONEOS_DEPLOYMENT_TARGET = 15.2;
				MTL_ENABLE_DEBUG_INFO = NO;
				MTL_FAST_MATH = YES;
				SDKROOT = iphoneos;
				SWIFT_COMPILATION_MODE = wholemodule;
				SWIFT_OPTIMIZATION_LEVEL = "-O";
				VALIDATE_PRODUCT = YES;
			};
			name = Release;
		};
		6C833FD327DB3B790057A2E3 /* Debug */ = {
			isa = XCBuildConfiguration;
			buildSettings = {
				ASSETCATALOG_COMPILER_APPICON_NAME = AppIcon;
				ASSETCATALOG_COMPILER_GLOBAL_ACCENT_COLOR_NAME = AccentColor;
				CODE_SIGN_STYLE = Automatic;
				CURRENT_PROJECT_VERSION = 1;
				DEVELOPMENT_ASSET_PATHS = "\"FriendFace/Preview Content\"";
				ENABLE_PREVIEWS = YES;
				GENERATE_INFOPLIST_FILE = YES;
				INFOPLIST_KEY_UIApplicationSceneManifest_Generation = YES;
				INFOPLIST_KEY_UIApplicationSupportsIndirectInputEvents = YES;
				INFOPLIST_KEY_UILaunchScreen_Generation = YES;
				INFOPLIST_KEY_UISupportedInterfaceOrientations_iPad = "UIInterfaceOrientationPortrait UIInterfaceOrientationPortraitUpsideDown UIInterfaceOrientationLandscapeLeft UIInterfaceOrientationLandscapeRight";
				INFOPLIST_KEY_UISupportedInterfaceOrientations_iPhone = "UIInterfaceOrientationPortrait UIInterfaceOrientationLandscapeLeft UIInterfaceOrientationLandscapeRight";
				LD_RUNPATH_SEARCH_PATHS = (
					"$(inherited)",
					"@executable_path/Frameworks",
				);
				MARKETING_VERSION = 1.0;
				PRODUCT_BUNDLE_IDENTIFIER = com.thi.FriendFace;
				PRODUCT_NAME = "$(TARGET_NAME)";
				SWIFT_EMIT_LOC_STRINGS = YES;
				SWIFT_VERSION = 5.0;
				TARGETED_DEVICE_FAMILY = "1,2";
			};
			name = Debug;
		};
		6C833FD427DB3B790057A2E3 /* Release */ = {
			isa = XCBuildConfiguration;
			buildSettings = {
				ASSETCATALOG_COMPILER_APPICON_NAME = AppIcon;
				ASSETCATALOG_COMPILER_GLOBAL_ACCENT_COLOR_NAME = AccentColor;
				CODE_SIGN_STYLE = Automatic;
				CURRENT_PROJECT_VERSION = 1;
				DEVELOPMENT_ASSET_PATHS = "\"FriendFace/Preview Content\"";
				ENABLE_PREVIEWS = YES;
				GENERATE_INFOPLIST_FILE = YES;
				INFOPLIST_KEY_UIApplicationSceneManifest_Generation = YES;
				INFOPLIST_KEY_UIApplicationSupportsIndirectInputEvents = YES;
				INFOPLIST_KEY_UILaunchScreen_Generation = YES;
				INFOPLIST_KEY_UISupportedInterfaceOrientations_iPad = "UIInterfaceOrientationPortrait UIInterfaceOrientationPortraitUpsideDown UIInterfaceOrientationLandscapeLeft UIInterfaceOrientationLandscapeRight";
				INFOPLIST_KEY_UISupportedInterfaceOrientations_iPhone = "UIInterfaceOrientationPortrait UIInterfaceOrientationLandscapeLeft UIInterfaceOrientationLandscapeRight";
				LD_RUNPATH_SEARCH_PATHS = (
					"$(inherited)",
					"@executable_path/Frameworks",
				);
				MARKETING_VERSION = 1.0;
				PRODUCT_BUNDLE_IDENTIFIER = com.thi.FriendFace;
				PRODUCT_NAME = "$(TARGET_NAME)";
				SWIFT_EMIT_LOC_STRINGS = YES;
				SWIFT_VERSION = 5.0;
				TARGETED_DEVICE_FAMILY = "1,2";
			};
			name = Release;
		};
/* End XCBuildConfiguration section */

/* Begin XCConfigurationList section */
		6C833FBF27DB3B780057A2E3 /* Build configuration list for PBXProject "FriendFace" */ = {
			isa = XCConfigurationList;
			buildConfigurations = (
				6C833FD027DB3B790057A2E3 /* Debug */,
				6C833FD127DB3B790057A2E3 /* Release */,
			);
			defaultConfigurationIsVisible = 0;
			defaultConfigurationName = Release;
		};
		6C833FD227DB3B790057A2E3 /* Build configuration list for PBXNativeTarget "FriendFace" */ = {
			isa = XCConfigurationList;
			buildConfigurations = (
				6C833FD327DB3B790057A2E3 /* Debug */,
				6C833FD427DB3B790057A2E3 /* Release */,
			);
			defaultConfigurationIsVisible = 0;
			defaultConfigurationName = Release;
		};
/* End XCConfigurationList section */
	};
	rootObject = 6C833FBC27DB3B780057A2E3 /* Project object */;
}
